
Microsoft Visual Studio Solution File, Format Version 12.00
# Visual Studio Version 17
VisualStudioVersion = 17.8.34511.84
MinimumVisualStudioVersion = 10.0.40219.1
Project("{9A19103F-16F7-4668-BE54-9A1E7A4F7556}") = "LabOps.WebUI", "TMAN.LABOPS.FRONTEND\LabOps.WebUI.csproj", "{E2FD0889-952D-4DCF-B6D7-E8D24747C6DD}"
EndProject
Project("{2150E333-8FDC-42A3-9474-1A3956D46DE8}") = "src", "src", "{AC644E19-919E-40FE-AA96-7AB2815BA0CC}"
EndProject
Project("{2150E333-8FDC-42A3-9474-1A3956D46DE8}") = "test", "test", "{22317007-E3F4-4361-97D6-C75124649253}"
EndProject
Project("{2150E333-8FDC-42A3-9474-1A3956D46DE8}") = "1. Presentation", "1. Presentation", "{BDBF26C5-EC34-40CF-B01C-4B43CADD5B0D}"
EndProject
Project("{2150E333-8FDC-42A3-9474-1A3956D46DE8}") = "2. Application", "2. Application", "{740EB3D0-E78B-42C5-B89A-A3F4F547D4C5}"
EndProject
Project("{2150E333-8FDC-42A3-9474-1A3956D46DE8}") = "3. Infra", "3. Infra", "{DCB5776D-ACF4-4B13-8459-2E8E2784FF0B}"
EndProject
Project("{2150E333-8FDC-42A3-9474-1A3956D46DE8}") = "3.1 - Infra.Data.ControlApi", "3.1 - Infra.Data.ControlApi", "{3ABCD08B-4251-4ACF-8300-6B6CFC72CCE3}"
EndProject
Project("{2150E333-8FDC-42A3-9474-1A3956D46DE8}") = "3.2 - Infra.Data.AuthApi", "3.2 - Infra.Data.AuthApi", "{7C99A2C1-A33C-43D7-959A-93E7831E8C80}"
EndProject
Project("{9A19103F-16F7-4668-BE54-9A1E7A4F7556}") = "LabOps.Application", "LabOps.Application\LabOps.Application.csproj", "{A6A2FB60-852B-4EBB-857E-8FC6636000AA}"
EndProject
Project("{9A19103F-16F7-4668-BE54-9A1E7A4F7556}") = "LabOps.Infra.Data.ControlApi", "LabOps.Infra.Data.ControlApi\LabOps.Infra.Data.ControlApi.csproj", "{183A8792-93ED-44F0-BC10-597D0D36FBD8}"
EndProject
Project("{9A19103F-16F7-4668-BE54-9A1E7A4F7556}") = "LabOps.Infra.Data.AuthApi", "LabOps.Infra.Data.AuthApi\LabOps.Infra.Data.AuthApi.csproj", "{0E532BD1-2E36-47AE-9363-469DF4C1FAB0}"
EndProject
Project("{9A19103F-16F7-4668-BE54-9A1E7A4F7556}") = "LabOps.Presentation.WebUI", "LabOps.Presentation.WebUI\LabOps.Presentation.WebUI.csproj", "{C13AF0A6-4F14-4AE0-9321-FEDABE865928}"
EndProject
Global
	GlobalSection(SolutionConfigurationPlatforms) = preSolution
		Debug|Any CPU = Debug|Any CPU
		Release|Any CPU = Release|Any CPU
	EndGlobalSection
	GlobalSection(ProjectConfigurationPlatforms) = postSolution
		{E2FD0889-952D-4DCF-B6D7-E8D24747C6DD}.Debug|Any CPU.ActiveCfg = Debug|Any CPU
		{E2FD0889-952D-4DCF-B6D7-E8D24747C6DD}.Debug|Any CPU.Build.0 = Debug|Any CPU
		{E2FD0889-952D-4DCF-B6D7-E8D24747C6DD}.Release|Any CPU.ActiveCfg = Release|Any CPU
		{E2FD0889-952D-4DCF-B6D7-E8D24747C6DD}.Release|Any CPU.Build.0 = Release|Any CPU
		{A6A2FB60-852B-4EBB-857E-8FC6636000AA}.Debug|Any CPU.ActiveCfg = Debug|Any CPU
		{A6A2FB60-852B-4EBB-857E-8FC6636000AA}.Debug|Any CPU.Build.0 = Debug|Any CPU
		{A6A2FB60-852B-4EBB-857E-8FC6636000AA}.Release|Any CPU.ActiveCfg = Release|Any CPU
		{A6A2FB60-852B-4EBB-857E-8FC6636000AA}.Release|Any CPU.Build.0 = Release|Any CPU
		{183A8792-93ED-44F0-BC10-597D0D36FBD8}.Debug|Any CPU.ActiveCfg = Debug|Any CPU
		{183A8792-93ED-44F0-BC10-597D0D36FBD8}.Debug|Any CPU.Build.0 = Debug|Any CPU
		{183A8792-93ED-44F0-BC10-597D0D36FBD8}.Release|Any CPU.ActiveCfg = Release|Any CPU
		{183A8792-93ED-44F0-BC10-597D0D36FBD8}.Release|Any CPU.Build.0 = Release|Any CPU
		{0E532BD1-2E36-47AE-9363-469DF4C1FAB0}.Debug|Any CPU.ActiveCfg = Debug|Any CPU
		{0E532BD1-2E36-47AE-9363-469DF4C1FAB0}.Debug|Any CPU.Build.0 = Debug|Any CPU
		{0E532BD1-2E36-47AE-9363-469DF4C1FAB0}.Release|Any CPU.ActiveCfg = Release|Any CPU
		{0E532BD1-2E36-47AE-9363-469DF4C1FAB0}.Release|Any CPU.Build.0 = Release|Any CPU
		{C13AF0A6-4F14-4AE0-9321-FEDABE865928}.Debug|Any CPU.ActiveCfg = Debug|Any CPU
		{C13AF0A6-4F14-4AE0-9321-FEDABE865928}.Debug|Any CPU.Build.0 = Debug|Any CPU
		{C13AF0A6-4F14-4AE0-9321-FEDABE865928}.Release|Any CPU.ActiveCfg = Release|Any CPU
		{C13AF0A6-4F14-4AE0-9321-FEDABE865928}.Release|Any CPU.Build.0 = Release|Any CPU
	EndGlobalSection
	GlobalSection(SolutionProperties) = preSolution
		HideSolutionNode = FALSE
	EndGlobalSection
	GlobalSection(NestedProjects) = preSolution
		{E2FD0889-952D-4DCF-B6D7-E8D24747C6DD} = {BDBF26C5-EC34-40CF-B01C-4B43CADD5B0D}
		{BDBF26C5-EC34-40CF-B01C-4B43CADD5B0D} = {AC644E19-919E-40FE-AA96-7AB2815BA0CC}
		{740EB3D0-E78B-42C5-B89A-A3F4F547D4C5} = {AC644E19-919E-40FE-AA96-7AB2815BA0CC}
		{DCB5776D-ACF4-4B13-8459-2E8E2784FF0B} = {AC644E19-919E-40FE-AA96-7AB2815BA0CC}
		{3ABCD08B-4251-4ACF-8300-6B6CFC72CCE3} = {DCB5776D-ACF4-4B13-8459-2E8E2784FF0B}
		{7C99A2C1-A33C-43D7-959A-93E7831E8C80} = {DCB5776D-ACF4-4B13-8459-2E8E2784FF0B}
		{A6A2FB60-852B-4EBB-857E-8FC6636000AA} = {740EB3D0-E78B-42C5-B89A-A3F4F547D4C5}
		{183A8792-93ED-44F0-BC10-597D0D36FBD8} = {3ABCD08B-4251-4ACF-8300-6B6CFC72CCE3}
		{0E532BD1-2E36-47AE-9363-469DF4C1FAB0} = {7C99A2C1-A33C-43D7-959A-93E7831E8C80}
		{C13AF0A6-4F14-4AE0-9321-FEDABE865928} = {BDBF26C5-EC34-40CF-B01C-4B43CADD5B0D}
	EndGlobalSection
	GlobalSection(ExtensibilityGlobals) = postSolution
		SolutionGuid = {0B72F700-0D37-4976-AF5F-C29D1426C9A6}
	EndGlobalSection
EndGlobal
