
Microsoft Visual Studio Solution File, Format Version 12.00
# Visual Studio Version 17
VisualStudioVersion = 17.8.34511.84
MinimumVisualStudioVersion = 10.0.40219.1
Project("{2150E333-8FDC-42A3-9474-1A3956D46DE8}") = "1. WebAPI", "1. WebAPI", "{8E65B871-C35C-4664-B2A1-4E673E862527}"
EndProject
Project("{2150E333-8FDC-42A3-9474-1A3956D46DE8}") = "2. Application", "2. Application", "{93261BDD-9659-4D98-A1A4-09C3653DD31B}"
EndProject
Project("{2150E333-8FDC-42A3-9474-1A3956D46DE8}") = "3. Domain", "3. Domain", "{CA21C15B-3414-4D97-BF68-B401332B86A1}"
EndProject
Project("{2150E333-8FDC-42A3-9474-1A3956D46DE8}") = "4. Infrastructure", "4. Infrastructure", "{2873B515-275F-4868-AE83-822BB12961B8}"
EndProject
Project("{9A19103F-16F7-4668-BE54-9A1E7A4F7556}") = "GG_LabOps_Application", "GG_LabOps_Application\GG_LabOps_Application.csproj", "{08A3807F-3A13-4CAD-9550-E8211C997B71}"
EndProject
Project("{9A19103F-16F7-4668-BE54-9A1E7A4F7556}") = "GG_LabOps_Domain", "GG_LabOps_Domain\GG_LabOps_Domain.csproj", "{5B4135C6-7C9A-48BF-9EAD-BBB66395E580}"
EndProject
Project("{9A19103F-16F7-4668-BE54-9A1E7A4F7556}") = "GG_LabOps_Infrastructure", "GG_LabOps_Infrastructure\GG_LabOps_Infrastructure.csproj", "{2BA39ABE-A181-470B-8FA5-DAB36E2A8C12}"
EndProject
Project("{9A19103F-16F7-4668-BE54-9A1E7A4F7556}") = "GG_LabOps_WebApi", "GG_LabOps_WebApi\GG_LabOps_WebApi.csproj", "{CCCF5D8D-DA5D-48AD-AFC4-1810687F77F6}"
EndProject
Project("{2150E333-8FDC-42A3-9474-1A3956D46DE8}") = "src", "src", "{01C261A0-7A37-47CD-A4E7-3CC44E07762B}"
EndProject
Project("{2150E333-8FDC-42A3-9474-1A3956D46DE8}") = "test", "test", "{CB4C6B19-BEF3-47CC-A5A3-59A33E328957}"
EndProject
Global
	GlobalSection(SolutionConfigurationPlatforms) = preSolution
		Debug|Any CPU = Debug|Any CPU
		Release|Any CPU = Release|Any CPU
	EndGlobalSection
	GlobalSection(ProjectConfigurationPlatforms) = postSolution
		{08A3807F-3A13-4CAD-9550-E8211C997B71}.Debug|Any CPU.ActiveCfg = Debug|Any CPU
		{08A3807F-3A13-4CAD-9550-E8211C997B71}.Debug|Any CPU.Build.0 = Debug|Any CPU
		{08A3807F-3A13-4CAD-9550-E8211C997B71}.Release|Any CPU.ActiveCfg = Release|Any CPU
		{08A3807F-3A13-4CAD-9550-E8211C997B71}.Release|Any CPU.Build.0 = Release|Any CPU
		{5B4135C6-7C9A-48BF-9EAD-BBB66395E580}.Debug|Any CPU.ActiveCfg = Debug|Any CPU
		{5B4135C6-7C9A-48BF-9EAD-BBB66395E580}.Debug|Any CPU.Build.0 = Debug|Any CPU
		{5B4135C6-7C9A-48BF-9EAD-BBB66395E580}.Release|Any CPU.ActiveCfg = Release|Any CPU
		{5B4135C6-7C9A-48BF-9EAD-BBB66395E580}.Release|Any CPU.Build.0 = Release|Any CPU
		{2BA39ABE-A181-470B-8FA5-DAB36E2A8C12}.Debug|Any CPU.ActiveCfg = Debug|Any CPU
		{2BA39ABE-A181-470B-8FA5-DAB36E2A8C12}.Debug|Any CPU.Build.0 = Debug|Any CPU
		{2BA39ABE-A181-470B-8FA5-DAB36E2A8C12}.Release|Any CPU.ActiveCfg = Release|Any CPU
		{2BA39ABE-A181-470B-8FA5-DAB36E2A8C12}.Release|Any CPU.Build.0 = Release|Any CPU
		{CCCF5D8D-DA5D-48AD-AFC4-1810687F77F6}.Debug|Any CPU.ActiveCfg = Debug|Any CPU
		{CCCF5D8D-DA5D-48AD-AFC4-1810687F77F6}.Debug|Any CPU.Build.0 = Debug|Any CPU
		{CCCF5D8D-DA5D-48AD-AFC4-1810687F77F6}.Release|Any CPU.ActiveCfg = Release|Any CPU
		{CCCF5D8D-DA5D-48AD-AFC4-1810687F77F6}.Release|Any CPU.Build.0 = Release|Any CPU
	EndGlobalSection
	GlobalSection(SolutionProperties) = preSolution
		HideSolutionNode = FALSE
	EndGlobalSection
	GlobalSection(NestedProjects) = preSolution
		{8E65B871-C35C-4664-B2A1-4E673E862527} = {01C261A0-7A37-47CD-A4E7-3CC44E07762B}
		{93261BDD-9659-4D98-A1A4-09C3653DD31B} = {01C261A0-7A37-47CD-A4E7-3CC44E07762B}
		{CA21C15B-3414-4D97-BF68-B401332B86A1} = {01C261A0-7A37-47CD-A4E7-3CC44E07762B}
		{2873B515-275F-4868-AE83-822BB12961B8} = {01C261A0-7A37-47CD-A4E7-3CC44E07762B}
		{08A3807F-3A13-4CAD-9550-E8211C997B71} = {93261BDD-9659-4D98-A1A4-09C3653DD31B}
		{5B4135C6-7C9A-48BF-9EAD-BBB66395E580} = {CA21C15B-3414-4D97-BF68-B401332B86A1}
		{2BA39ABE-A181-470B-8FA5-DAB36E2A8C12} = {2873B515-275F-4868-AE83-822BB12961B8}
		{CCCF5D8D-DA5D-48AD-AFC4-1810687F77F6} = {8E65B871-C35C-4664-B2A1-4E673E862527}
	EndGlobalSection
	GlobalSection(ExtensibilityGlobals) = postSolution
		SolutionGuid = {ADCB580F-C94F-46E3-97B2-15DE5EA8BC22}
	EndGlobalSection
EndGlobal
