
Microsoft Visual Studio Solution File, Format Version 12.00
# Visual Studio Version 17
VisualStudioVersion = 17.8.34511.84
MinimumVisualStudioVersion = 10.0.40219.1
Project("{2150E333-8FDC-42A3-9474-1A3956D46DE8}") = "1. WebAPI", "1. WebAPI", "{8E65B871-C35C-4664-B2A1-4E673E862527}"
EndProject
Project("{2150E333-8FDC-42A3-9474-1A3956D46DE8}") = "2. Application", "2. Application", "{93261BDD-9659-4D98-A1A4-09C3653DD31B}"
EndProject
Project("{2150E333-8FDC-42A3-9474-1A3956D46DE8}") = "3. Domain", "3. Domain", "{CA21C15B-3414-4D97-BF68-B401332B86A1}"
EndProject
Project("{2150E333-8FDC-42A3-9474-1A3956D46DE8}") = "4. Infrastructure", "4. Infrastructure", "{2873B515-275F-4868-AE83-822BB12961B8}"
EndProject
Project("{2150E333-8FDC-42A3-9474-1A3956D46DE8}") = "src", "src", "{01C261A0-7A37-47CD-A4E7-3CC44E07762B}"
EndProject
Project("{2150E333-8FDC-42A3-9474-1A3956D46DE8}") = "test", "test", "{CB4C6B19-BEF3-47CC-A5A3-59A33E328957}"
EndProject
Project("{9A19103F-16F7-4668-BE54-9A1E7A4F7556}") = "GG_LabOps_Tests", "GG_LABOPS_TESTES_CONTROLLERS\GG_LabOps_Tests.csproj", "{B1964027-B8AD-461D-96D4-1C9A8475B58B}"
EndProject
Project("{2150E333-8FDC-42A3-9474-1A3956D46DE8}") = "1. xUnitTestes", "1. xUnitTestes", "{FD704FFD-A465-4D3D-B2A9-CAFCF8CA7BD6}"
EndProject
Project("{2150E333-8FDC-42A3-9474-1A3956D46DE8}") = "2. LibTeste", "2. LibTeste", "{E687BAE9-EA36-4FCE-888B-85F6F359374A}"
EndProject
Project("{9A19103F-16F7-4668-BE54-9A1E7A4F7556}") = "LabOps.Application.DTO", "LabOps.Application.DTO\LabOps.Application.DTO.csproj", "{D8645E1A-0211-4506-8F2D-33C1EA0B5A15}"
EndProject
Project("{9A19103F-16F7-4668-BE54-9A1E7A4F7556}") = "LabOps.Application", "LabOps.Application\LabOps.Application.csproj", "{705AEB9C-FCDE-4068-8BF2-31A3E2467B36}"
EndProject
Project("{9A19103F-16F7-4668-BE54-9A1E7A4F7556}") = "LabOps.Infrastructure.Data", "LabOps.Infrastructure.Data\LabOps.Infrastructure.Data.csproj", "{9267FFD1-4162-4D76-A347-AE57AADB4194}"
EndProject
Project("{9A19103F-16F7-4668-BE54-9A1E7A4F7556}") = "LabOps.Infrastructure.Repository", "LabOps.Infrastructure.Repository\LabOps.Infrastructure.Repository.csproj", "{544BACA9-F72A-4F94-BED9-528C09C9EEBD}"
EndProject
Project("{9A19103F-16F7-4668-BE54-9A1E7A4F7556}") = "LabOps.Infrastructure.CrossCutting.Adapter", "LabOps.Infrastructure.CrossCutting.Adapter\LabOps.Infrastructure.CrossCutting.Adapter.csproj", "{77860A90-070B-4321-A801-8862630ECBA4}"
EndProject
Project("{9A19103F-16F7-4668-BE54-9A1E7A4F7556}") = "LabOps.Infrastructure.CrossCutting.IOC", "LabOps.Infrastructure.CrossCutting.IOC\LabOps.Infrastructure.CrossCutting.IOC.csproj", "{878B930B-7D9C-4F2E-BDA5-812661597748}"
EndProject
Project("{9A19103F-16F7-4668-BE54-9A1E7A4F7556}") = "LabOps.Domain.Services", "LabOps.Domain.Services\LabOps.Domain.Services.csproj", "{D9BD7FB9-DFD9-4393-871A-F2E5FEB6EAA6}"
EndProject
Project("{2150E333-8FDC-42A3-9474-1A3956D46DE8}") = "4.1 - Data", "4.1 - Data", "{29AEA5DC-4138-4367-B6FD-3E847EB2AE86}"
EndProject
Project("{2150E333-8FDC-42A3-9474-1A3956D46DE8}") = "4.2 - CrossCutting", "4.2 - CrossCutting", "{91F8A715-87D9-45AC-A71D-046B0270B396}"
EndProject
Project("{2150E333-8FDC-42A3-9474-1A3956D46DE8}") = "2.1 - DTOs", "2.1 - DTOs", "{DDB22D04-C28F-4E41-AB46-DF5A7CA4FE50}"
EndProject
Project("{2150E333-8FDC-42A3-9474-1A3956D46DE8}") = "3.1 - Core", "3.1 - Core", "{C5F13D3A-3DE5-47B3-B515-089EBFACE366}"
EndProject
Project("{2150E333-8FDC-42A3-9474-1A3956D46DE8}") = "3.2 - Services", "3.2 - Services", "{540F44EA-606E-435B-B3B8-BAF044A4DA0E}"
EndProject
Project("{9A19103F-16F7-4668-BE54-9A1E7A4F7556}") = "LabOps.Domain", "LabOps.Domain\LabOps.Domain.csproj", "{CB040000-B422-401C-9DB3-591BA5CE1DBB}"
EndProject
Project("{9A19103F-16F7-4668-BE54-9A1E7A4F7556}") = "LabOps.WebAPI", "LabOps.WebAPI\LabOps.WebAPI.csproj", "{F6AB5896-ECDE-4AB7-9191-6DF59A096D92}"
EndProject
Project("{9A19103F-16F7-4668-BE54-9A1E7A4F7556}") = "LabOps.Domain.Core", "LabOps_Domain.Core\LabOps.Domain.Core.csproj", "{47705836-FD14-4009-9803-08A4BE0DCCD2}"
EndProject
Global
	GlobalSection(SolutionConfigurationPlatforms) = preSolution
		Debug|Any CPU = Debug|Any CPU
		Release|Any CPU = Release|Any CPU
	EndGlobalSection
	GlobalSection(ProjectConfigurationPlatforms) = postSolution
		{B1964027-B8AD-461D-96D4-1C9A8475B58B}.Debug|Any CPU.ActiveCfg = Debug|Any CPU
		{B1964027-B8AD-461D-96D4-1C9A8475B58B}.Debug|Any CPU.Build.0 = Debug|Any CPU
		{B1964027-B8AD-461D-96D4-1C9A8475B58B}.Release|Any CPU.ActiveCfg = Release|Any CPU
		{B1964027-B8AD-461D-96D4-1C9A8475B58B}.Release|Any CPU.Build.0 = Release|Any CPU
		{D8645E1A-0211-4506-8F2D-33C1EA0B5A15}.Debug|Any CPU.ActiveCfg = Debug|Any CPU
		{D8645E1A-0211-4506-8F2D-33C1EA0B5A15}.Debug|Any CPU.Build.0 = Debug|Any CPU
		{D8645E1A-0211-4506-8F2D-33C1EA0B5A15}.Release|Any CPU.ActiveCfg = Release|Any CPU
		{D8645E1A-0211-4506-8F2D-33C1EA0B5A15}.Release|Any CPU.Build.0 = Release|Any CPU
		{705AEB9C-FCDE-4068-8BF2-31A3E2467B36}.Debug|Any CPU.ActiveCfg = Debug|Any CPU
		{705AEB9C-FCDE-4068-8BF2-31A3E2467B36}.Debug|Any CPU.Build.0 = Debug|Any CPU
		{705AEB9C-FCDE-4068-8BF2-31A3E2467B36}.Release|Any CPU.ActiveCfg = Release|Any CPU
		{705AEB9C-FCDE-4068-8BF2-31A3E2467B36}.Release|Any CPU.Build.0 = Release|Any CPU
		{9267FFD1-4162-4D76-A347-AE57AADB4194}.Debug|Any CPU.ActiveCfg = Debug|Any CPU
		{9267FFD1-4162-4D76-A347-AE57AADB4194}.Debug|Any CPU.Build.0 = Debug|Any CPU
		{9267FFD1-4162-4D76-A347-AE57AADB4194}.Release|Any CPU.ActiveCfg = Release|Any CPU
		{9267FFD1-4162-4D76-A347-AE57AADB4194}.Release|Any CPU.Build.0 = Release|Any CPU
		{544BACA9-F72A-4F94-BED9-528C09C9EEBD}.Debug|Any CPU.ActiveCfg = Debug|Any CPU
		{544BACA9-F72A-4F94-BED9-528C09C9EEBD}.Debug|Any CPU.Build.0 = Debug|Any CPU
		{544BACA9-F72A-4F94-BED9-528C09C9EEBD}.Release|Any CPU.ActiveCfg = Release|Any CPU
		{544BACA9-F72A-4F94-BED9-528C09C9EEBD}.Release|Any CPU.Build.0 = Release|Any CPU
		{77860A90-070B-4321-A801-8862630ECBA4}.Debug|Any CPU.ActiveCfg = Debug|Any CPU
		{77860A90-070B-4321-A801-8862630ECBA4}.Debug|Any CPU.Build.0 = Debug|Any CPU
		{77860A90-070B-4321-A801-8862630ECBA4}.Release|Any CPU.ActiveCfg = Release|Any CPU
		{77860A90-070B-4321-A801-8862630ECBA4}.Release|Any CPU.Build.0 = Release|Any CPU
		{878B930B-7D9C-4F2E-BDA5-812661597748}.Debug|Any CPU.ActiveCfg = Debug|Any CPU
		{878B930B-7D9C-4F2E-BDA5-812661597748}.Debug|Any CPU.Build.0 = Debug|Any CPU
		{878B930B-7D9C-4F2E-BDA5-812661597748}.Release|Any CPU.ActiveCfg = Release|Any CPU
		{878B930B-7D9C-4F2E-BDA5-812661597748}.Release|Any CPU.Build.0 = Release|Any CPU
		{D9BD7FB9-DFD9-4393-871A-F2E5FEB6EAA6}.Debug|Any CPU.ActiveCfg = Debug|Any CPU
		{D9BD7FB9-DFD9-4393-871A-F2E5FEB6EAA6}.Debug|Any CPU.Build.0 = Debug|Any CPU
		{D9BD7FB9-DFD9-4393-871A-F2E5FEB6EAA6}.Release|Any CPU.ActiveCfg = Release|Any CPU
		{D9BD7FB9-DFD9-4393-871A-F2E5FEB6EAA6}.Release|Any CPU.Build.0 = Release|Any CPU
		{CB040000-B422-401C-9DB3-591BA5CE1DBB}.Debug|Any CPU.ActiveCfg = Debug|Any CPU
		{CB040000-B422-401C-9DB3-591BA5CE1DBB}.Debug|Any CPU.Build.0 = Debug|Any CPU
		{CB040000-B422-401C-9DB3-591BA5CE1DBB}.Release|Any CPU.ActiveCfg = Release|Any CPU
		{CB040000-B422-401C-9DB3-591BA5CE1DBB}.Release|Any CPU.Build.0 = Release|Any CPU
		{F6AB5896-ECDE-4AB7-9191-6DF59A096D92}.Debug|Any CPU.ActiveCfg = Debug|Any CPU
		{F6AB5896-ECDE-4AB7-9191-6DF59A096D92}.Debug|Any CPU.Build.0 = Debug|Any CPU
		{F6AB5896-ECDE-4AB7-9191-6DF59A096D92}.Release|Any CPU.ActiveCfg = Release|Any CPU
		{F6AB5896-ECDE-4AB7-9191-6DF59A096D92}.Release|Any CPU.Build.0 = Release|Any CPU
		{47705836-FD14-4009-9803-08A4BE0DCCD2}.Debug|Any CPU.ActiveCfg = Debug|Any CPU
		{47705836-FD14-4009-9803-08A4BE0DCCD2}.Debug|Any CPU.Build.0 = Debug|Any CPU
		{47705836-FD14-4009-9803-08A4BE0DCCD2}.Release|Any CPU.ActiveCfg = Release|Any CPU
		{47705836-FD14-4009-9803-08A4BE0DCCD2}.Release|Any CPU.Build.0 = Release|Any CPU
	EndGlobalSection
	GlobalSection(SolutionProperties) = preSolution
		HideSolutionNode = FALSE
	EndGlobalSection
	GlobalSection(NestedProjects) = preSolution
		{8E65B871-C35C-4664-B2A1-4E673E862527} = {01C261A0-7A37-47CD-A4E7-3CC44E07762B}
		{93261BDD-9659-4D98-A1A4-09C3653DD31B} = {01C261A0-7A37-47CD-A4E7-3CC44E07762B}
		{CA21C15B-3414-4D97-BF68-B401332B86A1} = {01C261A0-7A37-47CD-A4E7-3CC44E07762B}
		{2873B515-275F-4868-AE83-822BB12961B8} = {01C261A0-7A37-47CD-A4E7-3CC44E07762B}
		{B1964027-B8AD-461D-96D4-1C9A8475B58B} = {FD704FFD-A465-4D3D-B2A9-CAFCF8CA7BD6}
		{FD704FFD-A465-4D3D-B2A9-CAFCF8CA7BD6} = {CB4C6B19-BEF3-47CC-A5A3-59A33E328957}
		{E687BAE9-EA36-4FCE-888B-85F6F359374A} = {CB4C6B19-BEF3-47CC-A5A3-59A33E328957}
		{D8645E1A-0211-4506-8F2D-33C1EA0B5A15} = {DDB22D04-C28F-4E41-AB46-DF5A7CA4FE50}
		{705AEB9C-FCDE-4068-8BF2-31A3E2467B36} = {93261BDD-9659-4D98-A1A4-09C3653DD31B}
		{9267FFD1-4162-4D76-A347-AE57AADB4194} = {29AEA5DC-4138-4367-B6FD-3E847EB2AE86}
		{544BACA9-F72A-4F94-BED9-528C09C9EEBD} = {29AEA5DC-4138-4367-B6FD-3E847EB2AE86}
		{77860A90-070B-4321-A801-8862630ECBA4} = {91F8A715-87D9-45AC-A71D-046B0270B396}
		{878B930B-7D9C-4F2E-BDA5-812661597748} = {91F8A715-87D9-45AC-A71D-046B0270B396}
		{D9BD7FB9-DFD9-4393-871A-F2E5FEB6EAA6} = {540F44EA-606E-435B-B3B8-BAF044A4DA0E}
		{29AEA5DC-4138-4367-B6FD-3E847EB2AE86} = {2873B515-275F-4868-AE83-822BB12961B8}
		{91F8A715-87D9-45AC-A71D-046B0270B396} = {2873B515-275F-4868-AE83-822BB12961B8}
		{DDB22D04-C28F-4E41-AB46-DF5A7CA4FE50} = {93261BDD-9659-4D98-A1A4-09C3653DD31B}
		{C5F13D3A-3DE5-47B3-B515-089EBFACE366} = {CA21C15B-3414-4D97-BF68-B401332B86A1}
		{540F44EA-606E-435B-B3B8-BAF044A4DA0E} = {CA21C15B-3414-4D97-BF68-B401332B86A1}
		{CB040000-B422-401C-9DB3-591BA5CE1DBB} = {CA21C15B-3414-4D97-BF68-B401332B86A1}
		{F6AB5896-ECDE-4AB7-9191-6DF59A096D92} = {8E65B871-C35C-4664-B2A1-4E673E862527}
		{47705836-FD14-4009-9803-08A4BE0DCCD2} = {C5F13D3A-3DE5-47B3-B515-089EBFACE366}
	EndGlobalSection
	GlobalSection(ExtensibilityGlobals) = postSolution
		SolutionGuid = {ADCB580F-C94F-46E3-97B2-15DE5EA8BC22}
	EndGlobalSection
EndGlobal
