
Microsoft Visual Studio Solution File, Format Version 12.00
# Visual Studio Version 17
VisualStudioVersion = 17.8.34511.84
MinimumVisualStudioVersion = 10.0.40219.1
Project("{2150E333-8FDC-42A3-9474-1A3956D46DE8}") = "src", "src", "{7E11A56E-AE91-4191-8E21-DA5CBF516D28}"
EndProject
Project("{2150E333-8FDC-42A3-9474-1A3956D46DE8}") = "1. GG_LabOps_WebApi", "1. GG_LabOps_WebApi", "{144566BF-D450-4ABA-AD54-E90E7CBA7559}"
EndProject
Project("{2150E333-8FDC-42A3-9474-1A3956D46DE8}") = "2. GG_LabOps_Services", "2. GG_LabOps_Services", "{B55346BD-D585-4F79-BEF6-F8F283801689}"
EndProject
Project("{2150E333-8FDC-42A3-9474-1A3956D46DE8}") = "3. GG_LabOps_Domain", "3. GG_LabOps_Domain", "{614B1F5D-6E60-4095-A0ED-B01D986873EF}"
EndProject
Project("{2150E333-8FDC-42A3-9474-1A3956D46DE8}") = "4. GG_LabOps_Infrastructure", "4. GG_LabOps_Infrastructure", "{C0B2DC03-79E8-4F9F-85A2-A51DD4806F64}"
EndProject
Project("{FAE04EC0-301F-11D3-BF4B-00C04F79EFBC}") = "GG_LabOps_WebApi", "GG_LabOps_WebApi\GG_LabOps_WebApi.csproj", "{865BB830-EDF9-4849-9017-B055FA9BDD58}"
EndProject
Project("{FAE04EC0-301F-11D3-BF4B-00C04F79EFBC}") = "GG_LabOps_Services", "GG_LabOps_Services\GG_LabOps_Services.csproj", "{8000FF43-76F7-4929-B364-B819F6545383}"
EndProject
Project("{FAE04EC0-301F-11D3-BF4B-00C04F79EFBC}") = "GG_labOps_Domain", "GG_labOps_Domain\GG_labOps_Domain.csproj", "{2585852E-1618-41A8-8539-4012B29B4163}"
EndProject
Project("{FAE04EC0-301F-11D3-BF4B-00C04F79EFBC}") = "GG_LabOps_Infra", "GG_LabOps_Infra\GG_LabOps_Infra.csproj", "{73F5DEBD-616A-48D5-AA99-F2D37CB8F4AA}"
EndProject
Global
	GlobalSection(SolutionConfigurationPlatforms) = preSolution
		Debug|Any CPU = Debug|Any CPU
		Release|Any CPU = Release|Any CPU
	EndGlobalSection
	GlobalSection(ProjectConfigurationPlatforms) = postSolution
		{865BB830-EDF9-4849-9017-B055FA9BDD58}.Debug|Any CPU.ActiveCfg = Debug|Any CPU
		{865BB830-EDF9-4849-9017-B055FA9BDD58}.Debug|Any CPU.Build.0 = Debug|Any CPU
		{865BB830-EDF9-4849-9017-B055FA9BDD58}.Release|Any CPU.ActiveCfg = Release|Any CPU
		{865BB830-EDF9-4849-9017-B055FA9BDD58}.Release|Any CPU.Build.0 = Release|Any CPU
		{8000FF43-76F7-4929-B364-B819F6545383}.Debug|Any CPU.ActiveCfg = Debug|Any CPU
		{8000FF43-76F7-4929-B364-B819F6545383}.Debug|Any CPU.Build.0 = Debug|Any CPU
		{8000FF43-76F7-4929-B364-B819F6545383}.Release|Any CPU.ActiveCfg = Release|Any CPU
		{8000FF43-76F7-4929-B364-B819F6545383}.Release|Any CPU.Build.0 = Release|Any CPU
		{2585852E-1618-41A8-8539-4012B29B4163}.Debug|Any CPU.ActiveCfg = Debug|Any CPU
		{2585852E-1618-41A8-8539-4012B29B4163}.Debug|Any CPU.Build.0 = Debug|Any CPU
		{2585852E-1618-41A8-8539-4012B29B4163}.Release|Any CPU.ActiveCfg = Release|Any CPU
		{2585852E-1618-41A8-8539-4012B29B4163}.Release|Any CPU.Build.0 = Release|Any CPU
		{73F5DEBD-616A-48D5-AA99-F2D37CB8F4AA}.Debug|Any CPU.ActiveCfg = Debug|Any CPU
		{73F5DEBD-616A-48D5-AA99-F2D37CB8F4AA}.Debug|Any CPU.Build.0 = Debug|Any CPU
		{73F5DEBD-616A-48D5-AA99-F2D37CB8F4AA}.Release|Any CPU.ActiveCfg = Release|Any CPU
		{73F5DEBD-616A-48D5-AA99-F2D37CB8F4AA}.Release|Any CPU.Build.0 = Release|Any CPU
	EndGlobalSection
	GlobalSection(SolutionProperties) = preSolution
		HideSolutionNode = FALSE
	EndGlobalSection
	GlobalSection(NestedProjects) = preSolution
		{144566BF-D450-4ABA-AD54-E90E7CBA7559} = {7E11A56E-AE91-4191-8E21-DA5CBF516D28}
		{B55346BD-D585-4F79-BEF6-F8F283801689} = {7E11A56E-AE91-4191-8E21-DA5CBF516D28}
		{614B1F5D-6E60-4095-A0ED-B01D986873EF} = {7E11A56E-AE91-4191-8E21-DA5CBF516D28}
		{C0B2DC03-79E8-4F9F-85A2-A51DD4806F64} = {7E11A56E-AE91-4191-8E21-DA5CBF516D28}
		{865BB830-EDF9-4849-9017-B055FA9BDD58} = {144566BF-D450-4ABA-AD54-E90E7CBA7559}
		{8000FF43-76F7-4929-B364-B819F6545383} = {B55346BD-D585-4F79-BEF6-F8F283801689}
		{2585852E-1618-41A8-8539-4012B29B4163} = {614B1F5D-6E60-4095-A0ED-B01D986873EF}
		{73F5DEBD-616A-48D5-AA99-F2D37CB8F4AA} = {C0B2DC03-79E8-4F9F-85A2-A51DD4806F64}
	EndGlobalSection
	GlobalSection(ExtensibilityGlobals) = postSolution
		SolutionGuid = {E56BBBE0-09F7-4694-9BAD-9329E9CE11AC}
	EndGlobalSection
EndGlobal
