
Microsoft Visual Studio Solution File, Format Version 12.00
# Visual Studio Version 17
VisualStudioVersion = 17.8.34511.84
MinimumVisualStudioVersion = 10.0.40219.1
Project("{2150E333-8FDC-42A3-9474-1A3956D46DE8}") = "src", "src", "{BB09F64E-A086-4561-A872-D8E475C26AB2}"
EndProject
Project("{2150E333-8FDC-42A3-9474-1A3956D46DE8}") = "test", "test", "{D12088FF-0450-4986-BDC7-C17520770B3D}"
EndProject
Project("{2150E333-8FDC-42A3-9474-1A3956D46DE8}") = "1. Presentation", "1. Presentation", "{5BDA8A16-1829-4E4D-B0F5-FE092BBE857F}"
EndProject
Project("{2150E333-8FDC-42A3-9474-1A3956D46DE8}") = "2. Application", "2. Application", "{395403FA-21C2-497D-BC46-9249B6E7C439}"
EndProject
Project("{2150E333-8FDC-42A3-9474-1A3956D46DE8}") = "3. Domain", "3. Domain", "{6778C4F9-A2C6-4378-929C-15BC9EACB5C5}"
EndProject
Project("{2150E333-8FDC-42A3-9474-1A3956D46DE8}") = "4. Infrastructure", "4. Infrastructure", "{36211805-11F6-4419-82B9-AD1AEA9296CD}"
EndProject
Project("{FAE04EC0-301F-11D3-BF4B-00C04F79EFBC}") = "LabOps.Domain", "LabOps.Domain\LabOps.Domain.csproj", "{30505499-D7C3-4F3D-88AD-2D633B8E32B7}"
EndProject
Project("{9A19103F-16F7-4668-BE54-9A1E7A4F7556}") = "LabOps.Domain.Core", "LabOps.Domain.Core\LabOps.Domain.Core.csproj", "{6896EC1B-C4EC-4572-9888-21656A838E33}"
EndProject
Project("{9A19103F-16F7-4668-BE54-9A1E7A4F7556}") = "LabOps.Domain.Services", "LabOps.Domain.Services\LabOps.Domain.Services.csproj", "{D8697B47-7E4A-4C39-ABE8-50262F8651DF}"
EndProject
Project("{9A19103F-16F7-4668-BE54-9A1E7A4F7556}") = "LabOps.Application.DTO", "LabOps.Application.DTO\LabOps.Application.DTO.csproj", "{25FF6833-8AE0-4386-9D65-ED9ED2035A0E}"
EndProject
Project("{9A19103F-16F7-4668-BE54-9A1E7A4F7556}") = "LabOps.Application", "LabOps.Application\LabOps.Application.csproj", "{106AE401-00B6-4E54-B879-2F1420477DC2}"
EndProject
Project("{2150E333-8FDC-42A3-9474-1A3956D46DE8}") = "4.1 - Infra.Data", "4.1 - Infra.Data", "{25EAAFB2-8FDE-43C6-A6EB-27DC32A4F955}"
EndProject
Project("{2150E333-8FDC-42A3-9474-1A3956D46DE8}") = "4.2 - Infra.CrossCutting", "4.2 - Infra.CrossCutting", "{1E462A7D-E518-48AE-B0DD-225B34213BCA}"
EndProject
Project("{9A19103F-16F7-4668-BE54-9A1E7A4F7556}") = "LabOps.Infra.Data", "LabOps.Infra.Data\LabOps.Infra.Data.csproj", "{02550310-543D-4536-9EFD-19027A581179}"
EndProject
Project("{9A19103F-16F7-4668-BE54-9A1E7A4F7556}") = "LabOps.Infra.Repository", "LabOps.Infra.Repository\LabOps.Infra.Repository.csproj", "{185566D7-8AB4-483C-80FD-A6BE4D255F2A}"
EndProject
Project("{9A19103F-16F7-4668-BE54-9A1E7A4F7556}") = "LabOps.Infra.CrossCutting.Adapter", "LabOps.Infra.CrossCutting.Adapter\LabOps.Infra.CrossCutting.Adapter.csproj", "{7E216D83-B6CE-440D-93F2-F047532046D3}"
EndProject
Project("{9A19103F-16F7-4668-BE54-9A1E7A4F7556}") = "LabOps.Infra.CrossCutting.IOC", "LabOps.Infra.CrossCutting.IOC\LabOps.Infra.CrossCutting.IOC.csproj", "{8A121448-D691-44B2-851E-7887C3E20707}"
EndProject
Project("{FAE04EC0-301F-11D3-BF4B-00C04F79EFBC}") = "LabOps.WebApi", "LabOps.WebApi\LabOps.WebApi.csproj", "{98805F5E-1601-43A1-BD3B-DA2272BE05F5}"
EndProject
Global
	GlobalSection(SolutionConfigurationPlatforms) = preSolution
		Debug|Any CPU = Debug|Any CPU
		Release|Any CPU = Release|Any CPU
	EndGlobalSection
	GlobalSection(ProjectConfigurationPlatforms) = postSolution
		{30505499-D7C3-4F3D-88AD-2D633B8E32B7}.Debug|Any CPU.ActiveCfg = Debug|Any CPU
		{30505499-D7C3-4F3D-88AD-2D633B8E32B7}.Debug|Any CPU.Build.0 = Debug|Any CPU
		{30505499-D7C3-4F3D-88AD-2D633B8E32B7}.Release|Any CPU.ActiveCfg = Release|Any CPU
		{30505499-D7C3-4F3D-88AD-2D633B8E32B7}.Release|Any CPU.Build.0 = Release|Any CPU
		{6896EC1B-C4EC-4572-9888-21656A838E33}.Debug|Any CPU.ActiveCfg = Debug|Any CPU
		{6896EC1B-C4EC-4572-9888-21656A838E33}.Debug|Any CPU.Build.0 = Debug|Any CPU
		{6896EC1B-C4EC-4572-9888-21656A838E33}.Release|Any CPU.ActiveCfg = Release|Any CPU
		{6896EC1B-C4EC-4572-9888-21656A838E33}.Release|Any CPU.Build.0 = Release|Any CPU
		{D8697B47-7E4A-4C39-ABE8-50262F8651DF}.Debug|Any CPU.ActiveCfg = Debug|Any CPU
		{D8697B47-7E4A-4C39-ABE8-50262F8651DF}.Debug|Any CPU.Build.0 = Debug|Any CPU
		{D8697B47-7E4A-4C39-ABE8-50262F8651DF}.Release|Any CPU.ActiveCfg = Release|Any CPU
		{D8697B47-7E4A-4C39-ABE8-50262F8651DF}.Release|Any CPU.Build.0 = Release|Any CPU
		{25FF6833-8AE0-4386-9D65-ED9ED2035A0E}.Debug|Any CPU.ActiveCfg = Debug|Any CPU
		{25FF6833-8AE0-4386-9D65-ED9ED2035A0E}.Debug|Any CPU.Build.0 = Debug|Any CPU
		{25FF6833-8AE0-4386-9D65-ED9ED2035A0E}.Release|Any CPU.ActiveCfg = Release|Any CPU
		{25FF6833-8AE0-4386-9D65-ED9ED2035A0E}.Release|Any CPU.Build.0 = Release|Any CPU
		{106AE401-00B6-4E54-B879-2F1420477DC2}.Debug|Any CPU.ActiveCfg = Debug|Any CPU
		{106AE401-00B6-4E54-B879-2F1420477DC2}.Debug|Any CPU.Build.0 = Debug|Any CPU
		{106AE401-00B6-4E54-B879-2F1420477DC2}.Release|Any CPU.ActiveCfg = Release|Any CPU
		{106AE401-00B6-4E54-B879-2F1420477DC2}.Release|Any CPU.Build.0 = Release|Any CPU
		{02550310-543D-4536-9EFD-19027A581179}.Debug|Any CPU.ActiveCfg = Debug|Any CPU
		{02550310-543D-4536-9EFD-19027A581179}.Debug|Any CPU.Build.0 = Debug|Any CPU
		{02550310-543D-4536-9EFD-19027A581179}.Release|Any CPU.ActiveCfg = Release|Any CPU
		{02550310-543D-4536-9EFD-19027A581179}.Release|Any CPU.Build.0 = Release|Any CPU
		{185566D7-8AB4-483C-80FD-A6BE4D255F2A}.Debug|Any CPU.ActiveCfg = Debug|Any CPU
		{185566D7-8AB4-483C-80FD-A6BE4D255F2A}.Debug|Any CPU.Build.0 = Debug|Any CPU
		{185566D7-8AB4-483C-80FD-A6BE4D255F2A}.Release|Any CPU.ActiveCfg = Release|Any CPU
		{185566D7-8AB4-483C-80FD-A6BE4D255F2A}.Release|Any CPU.Build.0 = Release|Any CPU
		{7E216D83-B6CE-440D-93F2-F047532046D3}.Debug|Any CPU.ActiveCfg = Debug|Any CPU
		{7E216D83-B6CE-440D-93F2-F047532046D3}.Debug|Any CPU.Build.0 = Debug|Any CPU
		{7E216D83-B6CE-440D-93F2-F047532046D3}.Release|Any CPU.ActiveCfg = Release|Any CPU
		{7E216D83-B6CE-440D-93F2-F047532046D3}.Release|Any CPU.Build.0 = Release|Any CPU
		{8A121448-D691-44B2-851E-7887C3E20707}.Debug|Any CPU.ActiveCfg = Debug|Any CPU
		{8A121448-D691-44B2-851E-7887C3E20707}.Debug|Any CPU.Build.0 = Debug|Any CPU
		{8A121448-D691-44B2-851E-7887C3E20707}.Release|Any CPU.ActiveCfg = Release|Any CPU
		{8A121448-D691-44B2-851E-7887C3E20707}.Release|Any CPU.Build.0 = Release|Any CPU
		{98805F5E-1601-43A1-BD3B-DA2272BE05F5}.Debug|Any CPU.ActiveCfg = Debug|Any CPU
		{98805F5E-1601-43A1-BD3B-DA2272BE05F5}.Debug|Any CPU.Build.0 = Debug|Any CPU
		{98805F5E-1601-43A1-BD3B-DA2272BE05F5}.Release|Any CPU.ActiveCfg = Release|Any CPU
		{98805F5E-1601-43A1-BD3B-DA2272BE05F5}.Release|Any CPU.Build.0 = Release|Any CPU
	EndGlobalSection
	GlobalSection(SolutionProperties) = preSolution
		HideSolutionNode = FALSE
	EndGlobalSection
	GlobalSection(NestedProjects) = preSolution
		{5BDA8A16-1829-4E4D-B0F5-FE092BBE857F} = {BB09F64E-A086-4561-A872-D8E475C26AB2}
		{395403FA-21C2-497D-BC46-9249B6E7C439} = {BB09F64E-A086-4561-A872-D8E475C26AB2}
		{6778C4F9-A2C6-4378-929C-15BC9EACB5C5} = {BB09F64E-A086-4561-A872-D8E475C26AB2}
		{36211805-11F6-4419-82B9-AD1AEA9296CD} = {BB09F64E-A086-4561-A872-D8E475C26AB2}
		{30505499-D7C3-4F3D-88AD-2D633B8E32B7} = {6778C4F9-A2C6-4378-929C-15BC9EACB5C5}
		{6896EC1B-C4EC-4572-9888-21656A838E33} = {6778C4F9-A2C6-4378-929C-15BC9EACB5C5}
		{D8697B47-7E4A-4C39-ABE8-50262F8651DF} = {6778C4F9-A2C6-4378-929C-15BC9EACB5C5}
		{25FF6833-8AE0-4386-9D65-ED9ED2035A0E} = {395403FA-21C2-497D-BC46-9249B6E7C439}
		{106AE401-00B6-4E54-B879-2F1420477DC2} = {395403FA-21C2-497D-BC46-9249B6E7C439}
		{25EAAFB2-8FDE-43C6-A6EB-27DC32A4F955} = {36211805-11F6-4419-82B9-AD1AEA9296CD}
		{1E462A7D-E518-48AE-B0DD-225B34213BCA} = {36211805-11F6-4419-82B9-AD1AEA9296CD}
		{02550310-543D-4536-9EFD-19027A581179} = {25EAAFB2-8FDE-43C6-A6EB-27DC32A4F955}
		{185566D7-8AB4-483C-80FD-A6BE4D255F2A} = {25EAAFB2-8FDE-43C6-A6EB-27DC32A4F955}
		{7E216D83-B6CE-440D-93F2-F047532046D3} = {1E462A7D-E518-48AE-B0DD-225B34213BCA}
		{8A121448-D691-44B2-851E-7887C3E20707} = {1E462A7D-E518-48AE-B0DD-225B34213BCA}
		{98805F5E-1601-43A1-BD3B-DA2272BE05F5} = {5BDA8A16-1829-4E4D-B0F5-FE092BBE857F}
	EndGlobalSection
	GlobalSection(ExtensibilityGlobals) = postSolution
		SolutionGuid = {7DC92903-C8DD-4371-82EB-6C6378D63CC4}
	EndGlobalSection
EndGlobal
