
Microsoft Visual Studio Solution File, Format Version 12.00
# Visual Studio Version 17
VisualStudioVersion = 17.8.34511.84
MinimumVisualStudioVersion = 10.0.40219.1
Project("{2150E333-8FDC-42A3-9474-1A3956D46DE8}") = "3. Domain", "3. Domain", "{F6F3A32C-2CF0-47C3-B7B7-07D5DBBC586A}"
EndProject
Project("{2150E333-8FDC-42A3-9474-1A3956D46DE8}") = "3.0 - Domain", "3.0 - Domain", "{589E71F2-9308-4C21-AF52-75473513C1B7}"
EndProject
Project("{9A19103F-16F7-4668-BE54-9A1E7A4F7556}") = "Auth.LabOps.Domain", "LabOps.Domain\Auth.LabOps.Domain.csproj", "{2B8C8A5D-76C3-46FB-AAE5-4DF4F4AAF26B}"
EndProject
Project("{2150E333-8FDC-42A3-9474-1A3956D46DE8}") = "3.1 - Domain.Core", "3.1 - Domain.Core", "{DFB70566-7336-4544-81A8-F34039C1ECE6}"
EndProject
Project("{9A19103F-16F7-4668-BE54-9A1E7A4F7556}") = "Auth.LabOps.Domain.Core", "LabOps.Domain.Core\Auth.LabOps.Domain.Core.csproj", "{788A16A5-2ED4-4BC3-95F6-95E3F1BD653E}"
EndProject
Project("{2150E333-8FDC-42A3-9474-1A3956D46DE8}") = "3.2 - Domain.Services", "3.2 - Domain.Services", "{B95F4EDE-D73F-4843-99DE-991E7CE23F63}"
EndProject
Project("{9A19103F-16F7-4668-BE54-9A1E7A4F7556}") = "Auth.LabOps.Domain.Services", "LabOps.Domain.Services\Auth.LabOps.Domain.Services.csproj", "{BDB77FD5-2420-4DDE-82AF-1AFD8F59A0CA}"
EndProject
Project("{2150E333-8FDC-42A3-9474-1A3956D46DE8}") = "2. Application", "2. Application", "{B38406E2-193B-4FF4-8686-4A764A97A70A}"
EndProject
Project("{2150E333-8FDC-42A3-9474-1A3956D46DE8}") = "2.0-Application", "2.0-Application", "{CCA588D7-F387-454E-AFF2-811E0C6B360D}"
EndProject
Project("{2150E333-8FDC-42A3-9474-1A3956D46DE8}") = "2.1-Application.DTOs", "2.1-Application.DTOs", "{78D859D2-29E0-42B7-875F-F764DA7DFB53}"
EndProject
Project("{9A19103F-16F7-4668-BE54-9A1E7A4F7556}") = "Auth.LabOps.Application.DTOs", "LabOps.Application.DTOs\Auth.LabOps.Application.DTOs.csproj", "{4AF9179A-C807-4DAB-B73F-E7CB73959BB3}"
EndProject
Project("{9A19103F-16F7-4668-BE54-9A1E7A4F7556}") = "Auth.LabOps.Application", "LabOps.Application\Auth.LabOps.Application.csproj", "{8DC456AC-CE8A-484D-A3A1-8AB583001C1F}"
EndProject
Project("{2150E333-8FDC-42A3-9474-1A3956D46DE8}") = "4. Infrastructure", "4. Infrastructure", "{48167E44-8206-4654-921F-91DFB8DB5C12}"
EndProject
Project("{2150E333-8FDC-42A3-9474-1A3956D46DE8}") = "4.2 -  Infrastructure.CrossCutting", "4.2 -  Infrastructure.CrossCutting", "{9203F780-9404-4504-B6A0-C528693D594A}"
EndProject
Project("{2150E333-8FDC-42A3-9474-1A3956D46DE8}") = "4.1 - Infrastructure.Data", "4.1 - Infrastructure.Data", "{200100AE-9CB1-4A2B-AF18-351FB7CC0B06}"
EndProject
Project("{9A19103F-16F7-4668-BE54-9A1E7A4F7556}") = "Auth.LabOps.Infrastructure.CrossCutting.Adapter", "LabOps.Infrastructure.CrossCutting.Adapter\Auth.LabOps.Infrastructure.CrossCutting.Adapter.csproj", "{F082346A-94F5-4AC4-A265-45ED436B786D}"
EndProject
Project("{9A19103F-16F7-4668-BE54-9A1E7A4F7556}") = "Auth.LabOps.Infrastructure.Repository", "LabOps.Infrastructure.Repository\Auth.LabOps.Infrastructure.Repository.csproj", "{551DC0D6-08B6-4197-9B1D-50B6571DD870}"
EndProject
Project("{9A19103F-16F7-4668-BE54-9A1E7A4F7556}") = "Auth.LabOps.Infrastructure.CrossCutting.IOC", "Auth.LabOps.Infrastructure.CrossCutting.IOC\Auth.LabOps.Infrastructure.CrossCutting.IOC.csproj", "{EDC6DA59-9CBE-4DFB-B29C-41E67A9CF7BD}"
EndProject
Project("{2150E333-8FDC-42A3-9474-1A3956D46DE8}") = "1. Presentation", "1. Presentation", "{C980673D-AB74-4B92-83F4-7A5222D055FC}"
EndProject
Project("{2150E333-8FDC-42A3-9474-1A3956D46DE8}") = "1.0-WebAPI", "1.0-WebAPI", "{5D75FD4C-4B67-451C-9B9F-0AA138FC1B25}"
EndProject
Project("{9A19103F-16F7-4668-BE54-9A1E7A4F7556}") = "Auth.LabOps.Presentation.WebAPI", "Auth.LabOps.Presentation.WebAPI\Auth.LabOps.Presentation.WebAPI.csproj", "{DD75F043-9CF3-40B9-BCFB-53BD9320DA33}"
EndProject
Project("{FAE04EC0-301F-11D3-BF4B-00C04F79EFBC}") = "Auth.LabOps.Infrastructure.Data", "Auth.LabOps.Infrastructure.Data\Auth.LabOps.Infrastructure.Data.csproj", "{AED98520-8528-4C3E-B097-E8492BAA5DB2}"
EndProject
Project("{2150E333-8FDC-42A3-9474-1A3956D46DE8}") = "src", "src", "{209A3D17-2BCE-4009-AC55-6E3144EFC7B3}"
EndProject
Project("{2150E333-8FDC-42A3-9474-1A3956D46DE8}") = "tests", "tests", "{3DFC2C3C-5ED9-47A9-9F18-DF90C205F704}"
EndProject
Global
	GlobalSection(SolutionConfigurationPlatforms) = preSolution
		Debug|Any CPU = Debug|Any CPU
		Release|Any CPU = Release|Any CPU
	EndGlobalSection
	GlobalSection(ProjectConfigurationPlatforms) = postSolution
		{2B8C8A5D-76C3-46FB-AAE5-4DF4F4AAF26B}.Debug|Any CPU.ActiveCfg = Debug|Any CPU
		{2B8C8A5D-76C3-46FB-AAE5-4DF4F4AAF26B}.Debug|Any CPU.Build.0 = Debug|Any CPU
		{2B8C8A5D-76C3-46FB-AAE5-4DF4F4AAF26B}.Release|Any CPU.ActiveCfg = Release|Any CPU
		{2B8C8A5D-76C3-46FB-AAE5-4DF4F4AAF26B}.Release|Any CPU.Build.0 = Release|Any CPU
		{788A16A5-2ED4-4BC3-95F6-95E3F1BD653E}.Debug|Any CPU.ActiveCfg = Debug|Any CPU
		{788A16A5-2ED4-4BC3-95F6-95E3F1BD653E}.Debug|Any CPU.Build.0 = Debug|Any CPU
		{788A16A5-2ED4-4BC3-95F6-95E3F1BD653E}.Release|Any CPU.ActiveCfg = Release|Any CPU
		{788A16A5-2ED4-4BC3-95F6-95E3F1BD653E}.Release|Any CPU.Build.0 = Release|Any CPU
		{BDB77FD5-2420-4DDE-82AF-1AFD8F59A0CA}.Debug|Any CPU.ActiveCfg = Debug|Any CPU
		{BDB77FD5-2420-4DDE-82AF-1AFD8F59A0CA}.Debug|Any CPU.Build.0 = Debug|Any CPU
		{BDB77FD5-2420-4DDE-82AF-1AFD8F59A0CA}.Release|Any CPU.ActiveCfg = Release|Any CPU
		{BDB77FD5-2420-4DDE-82AF-1AFD8F59A0CA}.Release|Any CPU.Build.0 = Release|Any CPU
		{4AF9179A-C807-4DAB-B73F-E7CB73959BB3}.Debug|Any CPU.ActiveCfg = Debug|Any CPU
		{4AF9179A-C807-4DAB-B73F-E7CB73959BB3}.Debug|Any CPU.Build.0 = Debug|Any CPU
		{4AF9179A-C807-4DAB-B73F-E7CB73959BB3}.Release|Any CPU.ActiveCfg = Release|Any CPU
		{4AF9179A-C807-4DAB-B73F-E7CB73959BB3}.Release|Any CPU.Build.0 = Release|Any CPU
		{8DC456AC-CE8A-484D-A3A1-8AB583001C1F}.Debug|Any CPU.ActiveCfg = Debug|Any CPU
		{8DC456AC-CE8A-484D-A3A1-8AB583001C1F}.Debug|Any CPU.Build.0 = Debug|Any CPU
		{8DC456AC-CE8A-484D-A3A1-8AB583001C1F}.Release|Any CPU.ActiveCfg = Release|Any CPU
		{8DC456AC-CE8A-484D-A3A1-8AB583001C1F}.Release|Any CPU.Build.0 = Release|Any CPU
		{F082346A-94F5-4AC4-A265-45ED436B786D}.Debug|Any CPU.ActiveCfg = Debug|Any CPU
		{F082346A-94F5-4AC4-A265-45ED436B786D}.Debug|Any CPU.Build.0 = Debug|Any CPU
		{F082346A-94F5-4AC4-A265-45ED436B786D}.Release|Any CPU.ActiveCfg = Release|Any CPU
		{F082346A-94F5-4AC4-A265-45ED436B786D}.Release|Any CPU.Build.0 = Release|Any CPU
		{551DC0D6-08B6-4197-9B1D-50B6571DD870}.Debug|Any CPU.ActiveCfg = Debug|Any CPU
		{551DC0D6-08B6-4197-9B1D-50B6571DD870}.Debug|Any CPU.Build.0 = Debug|Any CPU
		{551DC0D6-08B6-4197-9B1D-50B6571DD870}.Release|Any CPU.ActiveCfg = Release|Any CPU
		{551DC0D6-08B6-4197-9B1D-50B6571DD870}.Release|Any CPU.Build.0 = Release|Any CPU
		{EDC6DA59-9CBE-4DFB-B29C-41E67A9CF7BD}.Debug|Any CPU.ActiveCfg = Debug|Any CPU
		{EDC6DA59-9CBE-4DFB-B29C-41E67A9CF7BD}.Debug|Any CPU.Build.0 = Debug|Any CPU
		{EDC6DA59-9CBE-4DFB-B29C-41E67A9CF7BD}.Release|Any CPU.ActiveCfg = Release|Any CPU
		{EDC6DA59-9CBE-4DFB-B29C-41E67A9CF7BD}.Release|Any CPU.Build.0 = Release|Any CPU
		{DD75F043-9CF3-40B9-BCFB-53BD9320DA33}.Debug|Any CPU.ActiveCfg = Debug|Any CPU
		{DD75F043-9CF3-40B9-BCFB-53BD9320DA33}.Debug|Any CPU.Build.0 = Debug|Any CPU
		{DD75F043-9CF3-40B9-BCFB-53BD9320DA33}.Release|Any CPU.ActiveCfg = Release|Any CPU
		{DD75F043-9CF3-40B9-BCFB-53BD9320DA33}.Release|Any CPU.Build.0 = Release|Any CPU
		{AED98520-8528-4C3E-B097-E8492BAA5DB2}.Debug|Any CPU.ActiveCfg = Debug|Any CPU
		{AED98520-8528-4C3E-B097-E8492BAA5DB2}.Debug|Any CPU.Build.0 = Debug|Any CPU
		{AED98520-8528-4C3E-B097-E8492BAA5DB2}.Release|Any CPU.ActiveCfg = Release|Any CPU
		{AED98520-8528-4C3E-B097-E8492BAA5DB2}.Release|Any CPU.Build.0 = Release|Any CPU
	EndGlobalSection
	GlobalSection(SolutionProperties) = preSolution
		HideSolutionNode = FALSE
	EndGlobalSection
	GlobalSection(NestedProjects) = preSolution
		{F6F3A32C-2CF0-47C3-B7B7-07D5DBBC586A} = {209A3D17-2BCE-4009-AC55-6E3144EFC7B3}
		{589E71F2-9308-4C21-AF52-75473513C1B7} = {F6F3A32C-2CF0-47C3-B7B7-07D5DBBC586A}
		{2B8C8A5D-76C3-46FB-AAE5-4DF4F4AAF26B} = {589E71F2-9308-4C21-AF52-75473513C1B7}
		{DFB70566-7336-4544-81A8-F34039C1ECE6} = {F6F3A32C-2CF0-47C3-B7B7-07D5DBBC586A}
		{788A16A5-2ED4-4BC3-95F6-95E3F1BD653E} = {DFB70566-7336-4544-81A8-F34039C1ECE6}
		{B95F4EDE-D73F-4843-99DE-991E7CE23F63} = {F6F3A32C-2CF0-47C3-B7B7-07D5DBBC586A}
		{BDB77FD5-2420-4DDE-82AF-1AFD8F59A0CA} = {B95F4EDE-D73F-4843-99DE-991E7CE23F63}
		{B38406E2-193B-4FF4-8686-4A764A97A70A} = {209A3D17-2BCE-4009-AC55-6E3144EFC7B3}
		{CCA588D7-F387-454E-AFF2-811E0C6B360D} = {B38406E2-193B-4FF4-8686-4A764A97A70A}
		{78D859D2-29E0-42B7-875F-F764DA7DFB53} = {B38406E2-193B-4FF4-8686-4A764A97A70A}
		{4AF9179A-C807-4DAB-B73F-E7CB73959BB3} = {78D859D2-29E0-42B7-875F-F764DA7DFB53}
		{8DC456AC-CE8A-484D-A3A1-8AB583001C1F} = {CCA588D7-F387-454E-AFF2-811E0C6B360D}
		{48167E44-8206-4654-921F-91DFB8DB5C12} = {209A3D17-2BCE-4009-AC55-6E3144EFC7B3}
		{9203F780-9404-4504-B6A0-C528693D594A} = {48167E44-8206-4654-921F-91DFB8DB5C12}
		{200100AE-9CB1-4A2B-AF18-351FB7CC0B06} = {48167E44-8206-4654-921F-91DFB8DB5C12}
		{F082346A-94F5-4AC4-A265-45ED436B786D} = {9203F780-9404-4504-B6A0-C528693D594A}
		{551DC0D6-08B6-4197-9B1D-50B6571DD870} = {200100AE-9CB1-4A2B-AF18-351FB7CC0B06}
		{EDC6DA59-9CBE-4DFB-B29C-41E67A9CF7BD} = {9203F780-9404-4504-B6A0-C528693D594A}
		{C980673D-AB74-4B92-83F4-7A5222D055FC} = {209A3D17-2BCE-4009-AC55-6E3144EFC7B3}
		{5D75FD4C-4B67-451C-9B9F-0AA138FC1B25} = {C980673D-AB74-4B92-83F4-7A5222D055FC}
		{DD75F043-9CF3-40B9-BCFB-53BD9320DA33} = {5D75FD4C-4B67-451C-9B9F-0AA138FC1B25}
		{AED98520-8528-4C3E-B097-E8492BAA5DB2} = {200100AE-9CB1-4A2B-AF18-351FB7CC0B06}
	EndGlobalSection
	GlobalSection(ExtensibilityGlobals) = postSolution
		SolutionGuid = {78A25EE9-E11E-4768-8D37-FFE0A9127906}
	EndGlobalSection
EndGlobal
