Microsoft Visual Studio Solution File, Format Version 12.00
# Visual Studio Version 17
VisualStudioVersion = 17.10.35013.160
MinimumVisualStudioVersion = 16.0.0.0
Project("{2150E333-8FDC-42A3-9474-1A3956D46DE8}") = "1. src", "1. src", "{3A6C5D5A-6116-43B2-AB87-FB135803C06B}"
EndProject
Project("{2150E333-8FDC-42A3-9474-1A3956D46DE8}") = "2. tests", "2. tests", "{B48C555C-5BE9-4016-8D0D-ECEA71EEB215}"
EndProject
Project("{9A19103F-16F7-4668-BE54-9A1E7A4F7556}") = "Tman.LabOps.WebUI.Application", "TMAN.LABOPS.FRONT.WEBUI.APPLICATION\Tman.LabOps.WebUI.Application.csproj", "{6C4F571B-44B3-4AB5-AB26-614E8C011402}"
EndProject
Project("{9A19103F-16F7-4668-BE54-9A1E7A4F7556}") = "Tman.LabOps.WebUI.Mud", "TMAN.LABOPS.FRONT.WEBUI\Tman.LabOps.WebUI.Mud.csproj", "{3C4D6A4C-D917-4D28-B1E1-B09E33CEA8F4}"
EndProject
Project("{9A19103F-16F7-4668-BE54-9A1E7A4F7556}") = "Tman.LabOps.Infrastructure.CrossCutting", "Tman.LabOps.WebUI.CrossCutting\Tman.LabOps.Infrastructure.CrossCutting.csproj", "{BC268B7D-A6BC-4D18-AC7B-2F98CFBA9941}"
EndProject
Project("{2150E333-8FDC-42A3-9474-1A3956D46DE8}") = "1. Tman.LabOps.WebUI", "1. Tman.LabOps.WebUI", "{523960FB-33CE-4BF3-9D21-9031615BF824}"
EndProject
Project("{2150E333-8FDC-42A3-9474-1A3956D46DE8}") = "2. Tman.LabOps.Application", "2. Tman.LabOps.Application", "{239399B2-8E36-4CA8-9554-766515DBE6DC}"
EndProject
Project("{2150E333-8FDC-42A3-9474-1A3956D46DE8}") = "3. Tman.LabOps.Infrastructure", "3. Tman.LabOps.Infrastructure", "{6AC2B46F-7C6E-4A7C-BA72-C24721EF9512}"
EndProject
Project("{2150E333-8FDC-42A3-9474-1A3956D46DE8}") = "3.1. Tman.LabOps.Infrastructure.Data", "3.1. Tman.LabOps.Infrastructure.Data", "{FCC3E910-104C-4E9B-AC7D-E9FE69F7879D}"
EndProject
Project("{2150E333-8FDC-42A3-9474-1A3956D46DE8}") = "3.2. Tman.LabOps.Infrastructure.CrossCutting", "3.2. Tman.LabOps.Infrastructure.CrossCutting", "{AF611F00-DADE-45CC-9885-236A302BE7B2}"
EndProject
Project("{9A19103F-16F7-4668-BE54-9A1E7A4F7556}") = "Tman.LabOps.WebUI.CrossCutting.IOC", "Tman.LabOps.WebUI.CrossCutting.IOC\Tman.LabOps.WebUI.CrossCutting.IOC.csproj", "{D9F4758C-C487-437B-B02C-F2445B58BBFA}"
EndProject
Project("{9A19103F-16F7-4668-BE54-9A1E7A4F7556}") = "Tman.LabOps.Infrastructure.Data.ControlApi", "Tman.LabOps.Infrastructure.Data.ControlApi\Tman.LabOps.Infrastructure.Data.ControlApi.csproj", "{8A798E1A-3509-4BD5-A869-E769A1E07855}"
EndProject
Project("{9A19103F-16F7-4668-BE54-9A1E7A4F7556}") = "Tman.LabOps.WebUI.MVC", "Tman.LabOps.WebUI.MVC\Tman.LabOps.WebUI.MVC.csproj", "{901964D0-938E-4ACF-A38E-1AFE9867CBE7}"
EndProject
Global
	GlobalSection(SolutionConfigurationPlatforms) = preSolution
		Debug|Any CPU = Debug|Any CPU
		Debug|x64 = Debug|x64
		Debug|x86 = Debug|x86
		Release|Any CPU = Release|Any CPU
		Release|x64 = Release|x64
		Release|x86 = Release|x86
	EndGlobalSection
	GlobalSection(ProjectConfigurationPlatforms) = postSolution
		{6C4F571B-44B3-4AB5-AB26-614E8C011402}.Debug|Any CPU.ActiveCfg = Debug|Any CPU
		{6C4F571B-44B3-4AB5-AB26-614E8C011402}.Debug|Any CPU.Build.0 = Debug|Any CPU
		{6C4F571B-44B3-4AB5-AB26-614E8C011402}.Debug|x64.ActiveCfg = Debug|Any CPU
		{6C4F571B-44B3-4AB5-AB26-614E8C011402}.Debug|x64.Build.0 = Debug|Any CPU
		{6C4F571B-44B3-4AB5-AB26-614E8C011402}.Debug|x86.ActiveCfg = Debug|Any CPU
		{6C4F571B-44B3-4AB5-AB26-614E8C011402}.Debug|x86.Build.0 = Debug|Any CPU
		{6C4F571B-44B3-4AB5-AB26-614E8C011402}.Release|Any CPU.ActiveCfg = Release|Any CPU
		{6C4F571B-44B3-4AB5-AB26-614E8C011402}.Release|Any CPU.Build.0 = Release|Any CPU
		{6C4F571B-44B3-4AB5-AB26-614E8C011402}.Release|x64.ActiveCfg = Release|Any CPU
		{6C4F571B-44B3-4AB5-AB26-614E8C011402}.Release|x64.Build.0 = Release|Any CPU
		{6C4F571B-44B3-4AB5-AB26-614E8C011402}.Release|x86.ActiveCfg = Release|Any CPU
		{6C4F571B-44B3-4AB5-AB26-614E8C011402}.Release|x86.Build.0 = Release|Any CPU
		{3C4D6A4C-D917-4D28-B1E1-B09E33CEA8F4}.Debug|Any CPU.ActiveCfg = Debug|Any CPU
		{3C4D6A4C-D917-4D28-B1E1-B09E33CEA8F4}.Debug|Any CPU.Build.0 = Debug|Any CPU
		{3C4D6A4C-D917-4D28-B1E1-B09E33CEA8F4}.Debug|x64.ActiveCfg = Debug|Any CPU
		{3C4D6A4C-D917-4D28-B1E1-B09E33CEA8F4}.Debug|x64.Build.0 = Debug|Any CPU
		{3C4D6A4C-D917-4D28-B1E1-B09E33CEA8F4}.Debug|x86.ActiveCfg = Debug|Any CPU
		{3C4D6A4C-D917-4D28-B1E1-B09E33CEA8F4}.Debug|x86.Build.0 = Debug|Any CPU
		{3C4D6A4C-D917-4D28-B1E1-B09E33CEA8F4}.Release|Any CPU.ActiveCfg = Release|Any CPU
		{3C4D6A4C-D917-4D28-B1E1-B09E33CEA8F4}.Release|Any CPU.Build.0 = Release|Any CPU
		{3C4D6A4C-D917-4D28-B1E1-B09E33CEA8F4}.Release|x64.ActiveCfg = Release|Any CPU
		{3C4D6A4C-D917-4D28-B1E1-B09E33CEA8F4}.Release|x64.Build.0 = Release|Any CPU
		{3C4D6A4C-D917-4D28-B1E1-B09E33CEA8F4}.Release|x86.ActiveCfg = Release|Any CPU
		{3C4D6A4C-D917-4D28-B1E1-B09E33CEA8F4}.Release|x86.Build.0 = Release|Any CPU
		{BC268B7D-A6BC-4D18-AC7B-2F98CFBA9941}.Debug|Any CPU.ActiveCfg = Debug|Any CPU
		{BC268B7D-A6BC-4D18-AC7B-2F98CFBA9941}.Debug|Any CPU.Build.0 = Debug|Any CPU
		{BC268B7D-A6BC-4D18-AC7B-2F98CFBA9941}.Debug|x64.ActiveCfg = Debug|Any CPU
		{BC268B7D-A6BC-4D18-AC7B-2F98CFBA9941}.Debug|x64.Build.0 = Debug|Any CPU
		{BC268B7D-A6BC-4D18-AC7B-2F98CFBA9941}.Debug|x86.ActiveCfg = Debug|Any CPU
		{BC268B7D-A6BC-4D18-AC7B-2F98CFBA9941}.Debug|x86.Build.0 = Debug|Any CPU
		{BC268B7D-A6BC-4D18-AC7B-2F98CFBA9941}.Release|Any CPU.ActiveCfg = Release|Any CPU
		{BC268B7D-A6BC-4D18-AC7B-2F98CFBA9941}.Release|Any CPU.Build.0 = Release|Any CPU
		{BC268B7D-A6BC-4D18-AC7B-2F98CFBA9941}.Release|x64.ActiveCfg = Release|Any CPU
		{BC268B7D-A6BC-4D18-AC7B-2F98CFBA9941}.Release|x64.Build.0 = Release|Any CPU
		{BC268B7D-A6BC-4D18-AC7B-2F98CFBA9941}.Release|x86.ActiveCfg = Release|Any CPU
		{BC268B7D-A6BC-4D18-AC7B-2F98CFBA9941}.Release|x86.Build.0 = Release|Any CPU
		{D9F4758C-C487-437B-B02C-F2445B58BBFA}.Debug|Any CPU.ActiveCfg = Debug|Any CPU
		{D9F4758C-C487-437B-B02C-F2445B58BBFA}.Debug|Any CPU.Build.0 = Debug|Any CPU
		{D9F4758C-C487-437B-B02C-F2445B58BBFA}.Debug|x64.ActiveCfg = Debug|Any CPU
		{D9F4758C-C487-437B-B02C-F2445B58BBFA}.Debug|x64.Build.0 = Debug|Any CPU
		{D9F4758C-C487-437B-B02C-F2445B58BBFA}.Debug|x86.ActiveCfg = Debug|Any CPU
		{D9F4758C-C487-437B-B02C-F2445B58BBFA}.Debug|x86.Build.0 = Debug|Any CPU
		{D9F4758C-C487-437B-B02C-F2445B58BBFA}.Release|Any CPU.ActiveCfg = Release|Any CPU
		{D9F4758C-C487-437B-B02C-F2445B58BBFA}.Release|Any CPU.Build.0 = Release|Any CPU
		{D9F4758C-C487-437B-B02C-F2445B58BBFA}.Release|x64.ActiveCfg = Release|Any CPU
		{D9F4758C-C487-437B-B02C-F2445B58BBFA}.Release|x64.Build.0 = Release|Any CPU
		{D9F4758C-C487-437B-B02C-F2445B58BBFA}.Release|x86.ActiveCfg = Release|Any CPU
		{D9F4758C-C487-437B-B02C-F2445B58BBFA}.Release|x86.Build.0 = Release|Any CPU
		{8A798E1A-3509-4BD5-A869-E769A1E07855}.Debug|Any CPU.ActiveCfg = Debug|Any CPU
		{8A798E1A-3509-4BD5-A869-E769A1E07855}.Debug|Any CPU.Build.0 = Debug|Any CPU
		{8A798E1A-3509-4BD5-A869-E769A1E07855}.Debug|x64.ActiveCfg = Debug|Any CPU
		{8A798E1A-3509-4BD5-A869-E769A1E07855}.Debug|x64.Build.0 = Debug|Any CPU
		{8A798E1A-3509-4BD5-A869-E769A1E07855}.Debug|x86.ActiveCfg = Debug|Any CPU
		{8A798E1A-3509-4BD5-A869-E769A1E07855}.Debug|x86.Build.0 = Debug|Any CPU
		{8A798E1A-3509-4BD5-A869-E769A1E07855}.Release|Any CPU.ActiveCfg = Release|Any CPU
		{8A798E1A-3509-4BD5-A869-E769A1E07855}.Release|Any CPU.Build.0 = Release|Any CPU
		{8A798E1A-3509-4BD5-A869-E769A1E07855}.Release|x64.ActiveCfg = Release|Any CPU
		{8A798E1A-3509-4BD5-A869-E769A1E07855}.Release|x64.Build.0 = Release|Any CPU
		{8A798E1A-3509-4BD5-A869-E769A1E07855}.Release|x86.ActiveCfg = Release|Any CPU
		{8A798E1A-3509-4BD5-A869-E769A1E07855}.Release|x86.Build.0 = Release|Any CPU
		{901964D0-938E-4ACF-A38E-1AFE9867CBE7}.Debug|Any CPU.ActiveCfg = Debug|Any CPU
		{901964D0-938E-4ACF-A38E-1AFE9867CBE7}.Debug|Any CPU.Build.0 = Debug|Any CPU
		{901964D0-938E-4ACF-A38E-1AFE9867CBE7}.Debug|x64.ActiveCfg = Debug|Any CPU
		{901964D0-938E-4ACF-A38E-1AFE9867CBE7}.Debug|x64.Build.0 = Debug|Any CPU
		{901964D0-938E-4ACF-A38E-1AFE9867CBE7}.Debug|x86.ActiveCfg = Debug|Any CPU
		{901964D0-938E-4ACF-A38E-1AFE9867CBE7}.Debug|x86.Build.0 = Debug|Any CPU
		{901964D0-938E-4ACF-A38E-1AFE9867CBE7}.Release|Any CPU.ActiveCfg = Release|Any CPU
		{901964D0-938E-4ACF-A38E-1AFE9867CBE7}.Release|Any CPU.Build.0 = Release|Any CPU
		{901964D0-938E-4ACF-A38E-1AFE9867CBE7}.Release|x64.ActiveCfg = Release|Any CPU
		{901964D0-938E-4ACF-A38E-1AFE9867CBE7}.Release|x64.Build.0 = Release|Any CPU
		{901964D0-938E-4ACF-A38E-1AFE9867CBE7}.Release|x86.ActiveCfg = Release|Any CPU
		{901964D0-938E-4ACF-A38E-1AFE9867CBE7}.Release|x86.Build.0 = Release|Any CPU
	EndGlobalSection
	GlobalSection(SolutionProperties) = preSolution
		HideSolutionNode = FALSE
	EndGlobalSection
	GlobalSection(NestedProjects) = preSolution
		{6C4F571B-44B3-4AB5-AB26-614E8C011402} = {239399B2-8E36-4CA8-9554-766515DBE6DC}
		{3C4D6A4C-D917-4D28-B1E1-B09E33CEA8F4} = {523960FB-33CE-4BF3-9D21-9031615BF824}
		{BC268B7D-A6BC-4D18-AC7B-2F98CFBA9941} = {AF611F00-DADE-45CC-9885-236A302BE7B2}
		{523960FB-33CE-4BF3-9D21-9031615BF824} = {3A6C5D5A-6116-43B2-AB87-FB135803C06B}
		{239399B2-8E36-4CA8-9554-766515DBE6DC} = {3A6C5D5A-6116-43B2-AB87-FB135803C06B}
		{6AC2B46F-7C6E-4A7C-BA72-C24721EF9512} = {3A6C5D5A-6116-43B2-AB87-FB135803C06B}
		{FCC3E910-104C-4E9B-AC7D-E9FE69F7879D} = {6AC2B46F-7C6E-4A7C-BA72-C24721EF9512}
		{AF611F00-DADE-45CC-9885-236A302BE7B2} = {6AC2B46F-7C6E-4A7C-BA72-C24721EF9512}
		{D9F4758C-C487-437B-B02C-F2445B58BBFA} = {AF611F00-DADE-45CC-9885-236A302BE7B2}
		{8A798E1A-3509-4BD5-A869-E769A1E07855} = {FCC3E910-104C-4E9B-AC7D-E9FE69F7879D}
		{901964D0-938E-4ACF-A38E-1AFE9867CBE7} = {523960FB-33CE-4BF3-9D21-9031615BF824}
	EndGlobalSection
	GlobalSection(ExtensibilityGlobals) = postSolution
		SolutionGuid = {D8DECA0C-6CCC-4E0F-BE77-18EAF9956E7F}
	EndGlobalSection
EndGlobal
