
Microsoft Visual Studio Solution File, Format Version 12.00
# Visual Studio Version 17
VisualStudioVersion = 17.8.34511.84
MinimumVisualStudioVersion = 10.0.40219.1
Project("{2150E333-8FDC-42A3-9474-1A3956D46DE8}") = "src", "src", "{637D17E2-CF71-457A-AD8F-E86993CAB112}"
EndProject
Project("{2150E333-8FDC-42A3-9474-1A3956D46DE8}") = "1.WebUI", "1.WebUI", "{64440618-5A1E-4B8E-A38D-57F2C1788C71}"
EndProject
Project("{FAE04EC0-301F-11D3-BF4B-00C04F79EFBC}") = "LabOps_WebUI", "LabOps_WebUI\LabOps_WebUI\LabOps_WebUI.csproj", "{3C3EFDFB-237A-4215-967F-73E464C387A6}"
EndProject
Project("{FAE04EC0-301F-11D3-BF4B-00C04F79EFBC}") = "LabOps_WebUI.Client", "LabOps_WebUI\LabOps_WebUI.Client\LabOps_WebUI.Client.csproj", "{7E0C30BF-AFFB-4962-9BC2-830F9D9FE207}"
EndProject
Global
	GlobalSection(SolutionConfigurationPlatforms) = preSolution
		Debug|Any CPU = Debug|Any CPU
		Release|Any CPU = Release|Any CPU
	EndGlobalSection
	GlobalSection(ProjectConfigurationPlatforms) = postSolution
		{3C3EFDFB-237A-4215-967F-73E464C387A6}.Debug|Any CPU.ActiveCfg = Debug|Any CPU
		{3C3EFDFB-237A-4215-967F-73E464C387A6}.Debug|Any CPU.Build.0 = Debug|Any CPU
		{3C3EFDFB-237A-4215-967F-73E464C387A6}.Release|Any CPU.ActiveCfg = Release|Any CPU
		{3C3EFDFB-237A-4215-967F-73E464C387A6}.Release|Any CPU.Build.0 = Release|Any CPU
		{7E0C30BF-AFFB-4962-9BC2-830F9D9FE207}.Debug|Any CPU.ActiveCfg = Debug|Any CPU
		{7E0C30BF-AFFB-4962-9BC2-830F9D9FE207}.Debug|Any CPU.Build.0 = Debug|Any CPU
		{7E0C30BF-AFFB-4962-9BC2-830F9D9FE207}.Release|Any CPU.ActiveCfg = Release|Any CPU
		{7E0C30BF-AFFB-4962-9BC2-830F9D9FE207}.Release|Any CPU.Build.0 = Release|Any CPU
	EndGlobalSection
	GlobalSection(SolutionProperties) = preSolution
		HideSolutionNode = FALSE
	EndGlobalSection
	GlobalSection(NestedProjects) = preSolution
		{64440618-5A1E-4B8E-A38D-57F2C1788C71} = {637D17E2-CF71-457A-AD8F-E86993CAB112}
		{3C3EFDFB-237A-4215-967F-73E464C387A6} = {64440618-5A1E-4B8E-A38D-57F2C1788C71}
		{7E0C30BF-AFFB-4962-9BC2-830F9D9FE207} = {64440618-5A1E-4B8E-A38D-57F2C1788C71}
	EndGlobalSection
	GlobalSection(ExtensibilityGlobals) = postSolution
		SolutionGuid = {65D21FE6-D8D8-4BC2-B623-FDB256E00F56}
	EndGlobalSection
EndGlobal
