
Microsoft Visual Studio Solution File, Format Version 12.00
# Visual Studio Version 17
VisualStudioVersion = 17.8.34511.84
MinimumVisualStudioVersion = 10.0.40219.1
Project("{2150E333-8FDC-42A3-9474-1A3956D46DE8}") = "src", "src", "{1C1EA6CE-C434-4378-BF9B-E4776F363108}"
EndProject
Project("{2150E333-8FDC-42A3-9474-1A3956D46DE8}") = "test", "test", "{EC4DCAA5-4D22-42DE-B887-401E908F0625}"
EndProject
Project("{2150E333-8FDC-42A3-9474-1A3956D46DE8}") = "1. Tman.LabOps.WebUI", "1. Tman.LabOps.WebUI", "{95CBBC76-B72B-4F1E-9BBD-FE1C2EF1390A}"
EndProject
Project("{2150E333-8FDC-42A3-9474-1A3956D46DE8}") = "2. Tman.LabOps.Application", "2. Tman.LabOps.Application", "{332ECCC4-7CF2-4DC7-B01A-C8869E5F6BE7}"
EndProject
Project("{2150E333-8FDC-42A3-9474-1A3956D46DE8}") = "3. Tman.LabOps.Infra", "3. Tman.LabOps.Infra", "{6635C3E7-E125-494A-BC44-C68D89ECE006}"
EndProject
Project("{9A19103F-16F7-4668-BE54-9A1E7A4F7556}") = "LabOps.WebUI", "GG_LabOps_WebUI\LabOps.WebUI.csproj", "{8712A28E-2E32-4075-93B5-E84E15B96D9A}"
EndProject
Project("{9A19103F-16F7-4668-BE54-9A1E7A4F7556}") = "LabOps.Infra.ControlApi", "GG_LabOps_Infra\LabOps.Infra.ControlApi.csproj", "{9AF56527-95A2-46EE-AA2F-E26A852D773E}"
EndProject
Project("{9A19103F-16F7-4668-BE54-9A1E7A4F7556}") = "LabOps.Application", "GG_LabOps_Application\LabOps.Application.csproj", "{D2B84004-8819-421F-BE00-185D5FCAA116}"
EndProject
Project("{2150E333-8FDC-42A3-9474-1A3956D46DE8}") = "3.1 LabOps.Infra.Data", "3.1 LabOps.Infra.Data", "{F808B332-1EBB-4376-9FF9-CA8F6E98C9D0}"
EndProject
Project("{2150E333-8FDC-42A3-9474-1A3956D46DE8}") = "3.2 LabOps.Infra.CrossCutting", "3.2 LabOps.Infra.CrossCutting", "{5BFEB92E-7D3D-4BFE-9414-A6350850D0D6}"
EndProject
Project("{FAE04EC0-301F-11D3-BF4B-00C04F79EFBC}") = "LabOps.Infra.Data.AuthApi", "LabOps.Infra.Data.AuthApi\LabOps.Infra.Data.AuthApi.csproj", "{29031F1D-77D4-4436-A79D-101725D4E8FF}"
EndProject
Project("{9A19103F-16F7-4668-BE54-9A1E7A4F7556}") = "LabOps.Infra.Data.CrossCutting.IOC", "LabOps.Infra.Data.CrossCutting.IOC\LabOps.Infra.Data.CrossCutting.IOC.csproj", "{013DAFA3-7E10-4ABA-B51D-A9AF7628290C}"
EndProject
Global
	GlobalSection(SolutionConfigurationPlatforms) = preSolution
		Debug|Any CPU = Debug|Any CPU
		Release|Any CPU = Release|Any CPU
	EndGlobalSection
	GlobalSection(ProjectConfigurationPlatforms) = postSolution
		{8712A28E-2E32-4075-93B5-E84E15B96D9A}.Debug|Any CPU.ActiveCfg = Debug|Any CPU
		{8712A28E-2E32-4075-93B5-E84E15B96D9A}.Debug|Any CPU.Build.0 = Debug|Any CPU
		{8712A28E-2E32-4075-93B5-E84E15B96D9A}.Release|Any CPU.ActiveCfg = Release|Any CPU
		{8712A28E-2E32-4075-93B5-E84E15B96D9A}.Release|Any CPU.Build.0 = Release|Any CPU
		{9AF56527-95A2-46EE-AA2F-E26A852D773E}.Debug|Any CPU.ActiveCfg = Debug|Any CPU
		{9AF56527-95A2-46EE-AA2F-E26A852D773E}.Debug|Any CPU.Build.0 = Debug|Any CPU
		{9AF56527-95A2-46EE-AA2F-E26A852D773E}.Release|Any CPU.ActiveCfg = Release|Any CPU
		{9AF56527-95A2-46EE-AA2F-E26A852D773E}.Release|Any CPU.Build.0 = Release|Any CPU
		{D2B84004-8819-421F-BE00-185D5FCAA116}.Debug|Any CPU.ActiveCfg = Debug|Any CPU
		{D2B84004-8819-421F-BE00-185D5FCAA116}.Debug|Any CPU.Build.0 = Debug|Any CPU
		{D2B84004-8819-421F-BE00-185D5FCAA116}.Release|Any CPU.ActiveCfg = Release|Any CPU
		{D2B84004-8819-421F-BE00-185D5FCAA116}.Release|Any CPU.Build.0 = Release|Any CPU
		{29031F1D-77D4-4436-A79D-101725D4E8FF}.Debug|Any CPU.ActiveCfg = Debug|Any CPU
		{29031F1D-77D4-4436-A79D-101725D4E8FF}.Debug|Any CPU.Build.0 = Debug|Any CPU
		{29031F1D-77D4-4436-A79D-101725D4E8FF}.Release|Any CPU.ActiveCfg = Release|Any CPU
		{29031F1D-77D4-4436-A79D-101725D4E8FF}.Release|Any CPU.Build.0 = Release|Any CPU
		{013DAFA3-7E10-4ABA-B51D-A9AF7628290C}.Debug|Any CPU.ActiveCfg = Debug|Any CPU
		{013DAFA3-7E10-4ABA-B51D-A9AF7628290C}.Debug|Any CPU.Build.0 = Debug|Any CPU
		{013DAFA3-7E10-4ABA-B51D-A9AF7628290C}.Release|Any CPU.ActiveCfg = Release|Any CPU
		{013DAFA3-7E10-4ABA-B51D-A9AF7628290C}.Release|Any CPU.Build.0 = Release|Any CPU
	EndGlobalSection
	GlobalSection(SolutionProperties) = preSolution
		HideSolutionNode = FALSE
	EndGlobalSection
	GlobalSection(NestedProjects) = preSolution
		{95CBBC76-B72B-4F1E-9BBD-FE1C2EF1390A} = {1C1EA6CE-C434-4378-BF9B-E4776F363108}
		{332ECCC4-7CF2-4DC7-B01A-C8869E5F6BE7} = {1C1EA6CE-C434-4378-BF9B-E4776F363108}
		{6635C3E7-E125-494A-BC44-C68D89ECE006} = {1C1EA6CE-C434-4378-BF9B-E4776F363108}
		{8712A28E-2E32-4075-93B5-E84E15B96D9A} = {95CBBC76-B72B-4F1E-9BBD-FE1C2EF1390A}
		{9AF56527-95A2-46EE-AA2F-E26A852D773E} = {F808B332-1EBB-4376-9FF9-CA8F6E98C9D0}
		{D2B84004-8819-421F-BE00-185D5FCAA116} = {332ECCC4-7CF2-4DC7-B01A-C8869E5F6BE7}
		{F808B332-1EBB-4376-9FF9-CA8F6E98C9D0} = {6635C3E7-E125-494A-BC44-C68D89ECE006}
		{5BFEB92E-7D3D-4BFE-9414-A6350850D0D6} = {6635C3E7-E125-494A-BC44-C68D89ECE006}
		{29031F1D-77D4-4436-A79D-101725D4E8FF} = {F808B332-1EBB-4376-9FF9-CA8F6E98C9D0}
		{013DAFA3-7E10-4ABA-B51D-A9AF7628290C} = {5BFEB92E-7D3D-4BFE-9414-A6350850D0D6}
	EndGlobalSection
	GlobalSection(ExtensibilityGlobals) = postSolution
		SolutionGuid = {9BBB5C9F-5857-4642-B048-783079B93B5F}
	EndGlobalSection
EndGlobal
